github.com/bitly/go-simplejson v0.5.0 h1:6IH+V8/tVMab511d5bn4M7EwGXZf9Hj6i2xSwkNEM+Y=
github.com/bitly/go-simplejson v0.5.0/go.mod h1:cXHtHw4XUPsvGaxgjIAn8PhEWG9NfngEKAMDJEczWVA=
github.com/bmizerany/assert v0.0.0-20160611221934-b7ed37b82869 h1:DDGfHa7BWjL4YnC6+E63dPcxHo2sUxDIu8g3QgEJdRY=
github.com/bmizerany/assert v0.0.0-20160611221934-b7ed37b82869/go.mod h1:Ekp36dRnpXw/yCqJaO+ZrUyxD+3VXMFFr56k5XYrpB4=
github.com/creack/pty v1.1.9/go.mod h1:oKZEueFk5CKHvIhNR5MUki03XCEU+Q6VDXinZuGJ33E=
github.com/kr/pretty v0.1.0/go.mod h1:dAy3ld7l9f0ibDNOQOHHMYYIIbhfbHSm3C4ZsoJORNo=
github.com/kr/pretty v0.3.0 h1:WgNl7dwNpEZ6jJ9k1snq4pZsg7DOEN8hP9Xw0Tsjwk0=
github.com/kr/pretty v0.3.0/go.mod h1:640gp4NfQd8pI5XOwp5fnNeVWj67G7CFk/SaSQn7NBk=
github.com/kr/pty v1.1.1/go.mod h1:pFQYn66WHrOpPYNljwOMqo10TkYh1fy3cYio2l3bCsQ=
github.com/kr/text v0.1.0/go.mod h1:4Jbv+DJW3UT/LiOwJeYQe1efqtUx/iVham/4vfdArNI=
github.com/kr/text v0.2.0 h1:5Nx0Ya0ZqY2ygV366QzturHI13Jq95ApcVaJBhpS+AY=
github.com/kr/text v0.2.0/go.mod h1:eLer722TekiGuMkidMxC/pM04lWEeraHUUmBw8l2grE=
github.com/rogpeppe/go-internal v1.6.1 h1:/FiVV8dS/e+YqF2JvO3yXRFbBLTIuSDkuC7aBOAvL+k=
github.com/rogpeppe/go-internal v1.6.1/go.mod h1:xXDCJY+GAPziupqXw64V24skbSoqbTEfhy4qGm1nDQc=
github.com/singchia/go-hammer v0.0.0-20211008024031-6b891e49cad3 h1:p1Aa1g0Xm/fnYEBWTS16sTgPvX1w0I0ay7N+LmBso/s=
github.com/singchia/go-hammer v0.0.0-20211008024031-6b891e49cad3/go.mod h1:ZnHQPGlM+VoTnPOBBD6bU11dOsxebJflOohewlfLpA8=
github.com/singchia/go-scheduler v0.0.1 h1:GrP6spe8tkO7ViHOsSNNOq7HzGOyPunM9rhuYmpJIEY=
github.com/singchia/go-scheduler v0.0.1/go.mod h1:Vfqmo1PYak1P+aFoeoSyF3MTv9seJoEam3Gl8Npdnj8=
github.com/singchia/go-timer v0.0.1 h1:ZrwCoSiW1fRs1NhcLC68oO0sT0Th7blB/u7ALmC0kqU=
github.com/singchia/go-timer v0.0.1/go.mod h1:ydssozBFIcz0skiOru5nCuFlqTkLiTemGK97W7Z6CSc=
github.com/tiniyo/timer v0.0.0-20200222013509-f451bb40669f h1:pyZvBteghx1QQzj+xORA+4i1aT5Aznuhqs3514iatfk=
github.com/tiniyo/timer v0.0.0-20200222013509-f451bb40669f/go.mod h1:w6QNEc33ZEDViTXQD6yaT1tNbmKN7AA7SY3Audl2OKk=
gopkg.in/check.v1 v1.0.0-20180628173108-788fd7840127/go.mod h1:Co6ibVJAznAaIkqp8huTwlJQCZ016jof/cbN4VW5Yz0=
gopkg.in/errgo.v2 v2.1.0/go.mod h1:hNsd1EY+bozCKY1Ytp96fpM3vjJbqLJn88ws8XvfDNI=
